
Microsoft Visual Studio Solution File, Format Version 12.00
# Visual Studio Version 16
VisualStudioVersion = 16.0.32602.291
MinimumVisualStudioVersion = 10.0.40219.1
Project("{8BC9CEB8-8B4A-11D0-8D11-00A0C91BC942}") = "for_assign", "for_assign.vcxproj", "{299D6EFF-B397-469F-918E-3F524CDCF08F}"
EndProject
Global
	GlobalSection(SolutionConfigurationPlatforms) = preSolution
		Debug|x64 = Debug|x64
		Debug|x86 = Debug|x86
		Release|x64 = Release|x64
		Release|x86 = Release|x86
	EndGlobalSection
	GlobalSection(ProjectConfigurationPlatforms) = postSolution
		{299D6EFF-B397-469F-918E-3F524CDCF08F}.Debug|x64.ActiveCfg = Debug|x64
		{299D6EFF-B397-469F-918E-3F524CDCF08F}.Debug|x64.Build.0 = Debug|x64
		{299D6EFF-B397-469F-918E-3F524CDCF08F}.Debug|x86.ActiveCfg = Debug|Win32
		{299D6EFF-B397-469F-918E-3F524CDCF08F}.Debug|x86.Build.0 = Debug|Win32
		{299D6EFF-B397-469F-918E-3F524CDCF08F}.Release|x64.ActiveCfg = Release|x64
		{299D6EFF-B397-469F-918E-3F524CDCF08F}.Release|x64.Build.0 = Release|x64
		{299D6EFF-B397-469F-918E-3F524CDCF08F}.Release|x86.ActiveCfg = Release|Win32
		{299D6EFF-B397-469F-918E-3F524CDCF08F}.Release|x86.Build.0 = Release|Win32
	EndGlobalSection
	GlobalSection(SolutionProperties) = preSolution
		HideSolutionNode = FALSE
	EndGlobalSection
	GlobalSection(ExtensibilityGlobals) = postSolution
		SolutionGuid = {A0A796FA-360E-4630-B3BF-F21D224CDAAE}
	EndGlobalSection
EndGlobal
